
Microsoft Visual Studio Solution File, Format Version 12.00
# Visual Studio Version 17
VisualStudioVersion = 17.8.34330.188
MinimumVisualStudioVersion = 10.0.40219.1
Project("{888888A0-9F3D-457C-B088-3A5042F75D52}") = "IterationAndRecursion Project", "IterationAndRecursion Project.pyproj", "{7B9F6224-2F52-416F-A21E-00DBAADFF1B5}"
EndProject
Global
	GlobalSection(SolutionConfigurationPlatforms) = preSolution
		Debug|Any CPU = Debug|Any CPU
		Release|Any CPU = Release|Any CPU
	EndGlobalSection
	GlobalSection(ProjectConfigurationPlatforms) = postSolution
		{7B9F6224-2F52-416F-A21E-00DBAADFF1B5}.Debug|Any CPU.ActiveCfg = Debug|Any CPU
		{7B9F6224-2F52-416F-A21E-00DBAADFF1B5}.Release|Any CPU.ActiveCfg = Release|Any CPU
	EndGlobalSection
	GlobalSection(SolutionProperties) = preSolution
		HideSolutionNode = FALSE
	EndGlobalSection
	GlobalSection(ExtensibilityGlobals) = postSolution
		SolutionGuid = {6CA6794F-7A4A-45EF-B47F-E26D39163D80}
	EndGlobalSection
EndGlobal
